
Microsoft Visual Studio Solution File, Format Version 12.00
# Visual Studio Version 17
VisualStudioVersion = 17.2.32616.157
MinimumVisualStudioVersion = 10.0.40219.1
Project("{FAE04EC0-301F-11D3-BF4B-00C04F79EFBC}") = "UtilizandoClasse", "UtilizandoClasse\UtilizandoClasse.csproj", "{102516F1-3991-4456-9C52-2D9034EB48D2}"
EndProject
Global
	GlobalSection(SolutionConfigurationPlatforms) = preSolution
		Debug|Any CPU = Debug|Any CPU
		Release|Any CPU = Release|Any CPU
	EndGlobalSection
	GlobalSection(ProjectConfigurationPlatforms) = postSolution
		{102516F1-3991-4456-9C52-2D9034EB48D2}.Debug|Any CPU.ActiveCfg = Debug|Any CPU
		{102516F1-3991-4456-9C52-2D9034EB48D2}.Debug|Any CPU.Build.0 = Debug|Any CPU
		{102516F1-3991-4456-9C52-2D9034EB48D2}.Release|Any CPU.ActiveCfg = Release|Any CPU
		{102516F1-3991-4456-9C52-2D9034EB48D2}.Release|Any CPU.Build.0 = Release|Any CPU
	EndGlobalSection
	GlobalSection(SolutionProperties) = preSolution
		HideSolutionNode = FALSE
	EndGlobalSection
	GlobalSection(ExtensibilityGlobals) = postSolution
		SolutionGuid = {B63B60D0-8795-46AD-8558-EE723A17A776}
	EndGlobalSection
EndGlobal
